
Microsoft Visual Studio Solution File, Format Version 12.00
# Visual Studio 2013
VisualStudioVersion = 12.0.31101.0
MinimumVisualStudioVersion = 10.0.40219.1
Project("{FAE04EC0-301F-11D3-BF4B-00C04F79EFBC}") = "01.PriorityQueue", "AdvancedDataStructures\01.PriorityQueue.csproj", "{761462B1-7657-4077-83EA-5DFFE7A8F6C7}"
EndProject
Project("{FAE04EC0-301F-11D3-BF4B-00C04F79EFBC}") = "PriorityQueueTests", "PriorityQueueTests\PriorityQueueTests.csproj", "{4CC96E28-A6A9-43DB-A1E0-E57C23B87E7D}"
EndProject
Project("{FAE04EC0-301F-11D3-BF4B-00C04F79EFBC}") = "02.FindProductsInRange", "02.FindProductsInRange\02.FindProductsInRange.csproj", "{0447065E-F6CB-4A6C-90B0-651A11F8200E}"
EndProject
Project("{FAE04EC0-301F-11D3-BF4B-00C04F79EFBC}") = "RandomGenerator", "RandomGenerator\RandomGenerator.csproj", "{201F15B9-5EFE-4808-A8E1-B3A77DD48F4B}"
EndProject
Global
	GlobalSection(SolutionConfigurationPlatforms) = preSolution
		Debug|Any CPU = Debug|Any CPU
		Release|Any CPU = Release|Any CPU
	EndGlobalSection
	GlobalSection(ProjectConfigurationPlatforms) = postSolution
		{761462B1-7657-4077-83EA-5DFFE7A8F6C7}.Debug|Any CPU.ActiveCfg = Debug|Any CPU
		{761462B1-7657-4077-83EA-5DFFE7A8F6C7}.Debug|Any CPU.Build.0 = Debug|Any CPU
		{761462B1-7657-4077-83EA-5DFFE7A8F6C7}.Release|Any CPU.ActiveCfg = Release|Any CPU
		{761462B1-7657-4077-83EA-5DFFE7A8F6C7}.Release|Any CPU.Build.0 = Release|Any CPU
		{4CC96E28-A6A9-43DB-A1E0-E57C23B87E7D}.Debug|Any CPU.ActiveCfg = Debug|Any CPU
		{4CC96E28-A6A9-43DB-A1E0-E57C23B87E7D}.Debug|Any CPU.Build.0 = Debug|Any CPU
		{4CC96E28-A6A9-43DB-A1E0-E57C23B87E7D}.Release|Any CPU.ActiveCfg = Release|Any CPU
		{4CC96E28-A6A9-43DB-A1E0-E57C23B87E7D}.Release|Any CPU.Build.0 = Release|Any CPU
		{0447065E-F6CB-4A6C-90B0-651A11F8200E}.Debug|Any CPU.ActiveCfg = Debug|Any CPU
		{0447065E-F6CB-4A6C-90B0-651A11F8200E}.Debug|Any CPU.Build.0 = Debug|Any CPU
		{0447065E-F6CB-4A6C-90B0-651A11F8200E}.Release|Any CPU.ActiveCfg = Release|Any CPU
		{0447065E-F6CB-4A6C-90B0-651A11F8200E}.Release|Any CPU.Build.0 = Release|Any CPU
		{201F15B9-5EFE-4808-A8E1-B3A77DD48F4B}.Debug|Any CPU.ActiveCfg = Debug|Any CPU
		{201F15B9-5EFE-4808-A8E1-B3A77DD48F4B}.Debug|Any CPU.Build.0 = Debug|Any CPU
		{201F15B9-5EFE-4808-A8E1-B3A77DD48F4B}.Release|Any CPU.ActiveCfg = Release|Any CPU
		{201F15B9-5EFE-4808-A8E1-B3A77DD48F4B}.Release|Any CPU.Build.0 = Release|Any CPU
	EndGlobalSection
	GlobalSection(SolutionProperties) = preSolution
		HideSolutionNode = FALSE
	EndGlobalSection
EndGlobal
