
Microsoft Visual Studio Solution File, Format Version 12.00
# Visual Studio 2013
VisualStudioVersion = 12.0.31101.0
MinimumVisualStudioVersion = 10.0.40219.1
Project("{FAE04EC0-301F-11D3-BF4B-00C04F79EFBC}") = "Recursion", "Recursion\Recursion.csproj", "{A852AF8F-2C7B-433C-A991-F159F842FC16}"
EndProject
Project("{FAE04EC0-301F-11D3-BF4B-00C04F79EFBC}") = "SubsetSums", "SubsetSums\SubsetSums.csproj", "{BF848B54-A3A0-45FA-9886-E696C8CA2E0E}"
EndProject
Project("{FAE04EC0-301F-11D3-BF4B-00C04F79EFBC}") = "SubsetsSumTests", "SubsetsSumTests\SubsetsSumTests.csproj", "{D4148D75-DB89-451C-B89E-5626ED48E41A}"
EndProject
Project("{FAE04EC0-301F-11D3-BF4B-00C04F79EFBC}") = "LongestSequence", "LongestSequence\LongestSequence.csproj", "{0020356E-8C5B-4F4B-8A83-642E0B1610BD}"
EndProject
Project("{FAE04EC0-301F-11D3-BF4B-00C04F79EFBC}") = "LongestCommonSubsequence", "LongestCommonSubsequence\LongestCommonSubsequence.csproj", "{8B555BBC-38EB-4E3E-B961-BC1D2F72F9F0}"
EndProject
Project("{FAE04EC0-301F-11D3-BF4B-00C04F79EFBC}") = "01.KnapsackProblem", "01.KnapsackProblem\01.KnapsackProblem.csproj", "{89C6FC35-2EBB-47F9-B7F3-92ED4FD1B378}"
EndProject
Global
	GlobalSection(SolutionConfigurationPlatforms) = preSolution
		Debug|Any CPU = Debug|Any CPU
		Release|Any CPU = Release|Any CPU
	EndGlobalSection
	GlobalSection(ProjectConfigurationPlatforms) = postSolution
		{A852AF8F-2C7B-433C-A991-F159F842FC16}.Debug|Any CPU.ActiveCfg = Debug|Any CPU
		{A852AF8F-2C7B-433C-A991-F159F842FC16}.Debug|Any CPU.Build.0 = Debug|Any CPU
		{A852AF8F-2C7B-433C-A991-F159F842FC16}.Release|Any CPU.ActiveCfg = Release|Any CPU
		{A852AF8F-2C7B-433C-A991-F159F842FC16}.Release|Any CPU.Build.0 = Release|Any CPU
		{BF848B54-A3A0-45FA-9886-E696C8CA2E0E}.Debug|Any CPU.ActiveCfg = Debug|Any CPU
		{BF848B54-A3A0-45FA-9886-E696C8CA2E0E}.Debug|Any CPU.Build.0 = Debug|Any CPU
		{BF848B54-A3A0-45FA-9886-E696C8CA2E0E}.Release|Any CPU.ActiveCfg = Release|Any CPU
		{BF848B54-A3A0-45FA-9886-E696C8CA2E0E}.Release|Any CPU.Build.0 = Release|Any CPU
		{D4148D75-DB89-451C-B89E-5626ED48E41A}.Debug|Any CPU.ActiveCfg = Debug|Any CPU
		{D4148D75-DB89-451C-B89E-5626ED48E41A}.Debug|Any CPU.Build.0 = Debug|Any CPU
		{D4148D75-DB89-451C-B89E-5626ED48E41A}.Release|Any CPU.ActiveCfg = Release|Any CPU
		{D4148D75-DB89-451C-B89E-5626ED48E41A}.Release|Any CPU.Build.0 = Release|Any CPU
		{0020356E-8C5B-4F4B-8A83-642E0B1610BD}.Debug|Any CPU.ActiveCfg = Debug|Any CPU
		{0020356E-8C5B-4F4B-8A83-642E0B1610BD}.Debug|Any CPU.Build.0 = Debug|Any CPU
		{0020356E-8C5B-4F4B-8A83-642E0B1610BD}.Release|Any CPU.ActiveCfg = Release|Any CPU
		{0020356E-8C5B-4F4B-8A83-642E0B1610BD}.Release|Any CPU.Build.0 = Release|Any CPU
		{8B555BBC-38EB-4E3E-B961-BC1D2F72F9F0}.Debug|Any CPU.ActiveCfg = Debug|Any CPU
		{8B555BBC-38EB-4E3E-B961-BC1D2F72F9F0}.Debug|Any CPU.Build.0 = Debug|Any CPU
		{8B555BBC-38EB-4E3E-B961-BC1D2F72F9F0}.Release|Any CPU.ActiveCfg = Release|Any CPU
		{8B555BBC-38EB-4E3E-B961-BC1D2F72F9F0}.Release|Any CPU.Build.0 = Release|Any CPU
		{89C6FC35-2EBB-47F9-B7F3-92ED4FD1B378}.Debug|Any CPU.ActiveCfg = Debug|Any CPU
		{89C6FC35-2EBB-47F9-B7F3-92ED4FD1B378}.Debug|Any CPU.Build.0 = Debug|Any CPU
		{89C6FC35-2EBB-47F9-B7F3-92ED4FD1B378}.Release|Any CPU.ActiveCfg = Release|Any CPU
		{89C6FC35-2EBB-47F9-B7F3-92ED4FD1B378}.Release|Any CPU.Build.0 = Release|Any CPU
	EndGlobalSection
	GlobalSection(SolutionProperties) = preSolution
		HideSolutionNode = FALSE
	EndGlobalSection
EndGlobal
